
Microsoft Visual Studio Solution File, Format Version 12.00
# Visual Studio Version 16
VisualStudioVersion = 16.0.29509.3
MinimumVisualStudioVersion = 10.0.40219.1
Project("{9A19103F-16F7-4668-BE54-9A1E7A4F7556}") = "Project.Test.Infra.Data", "Project.Test.Infra.Data\Project.Test.Infra.Data.csproj", "{AF9CF6E4-DA5C-49A8-98F0-E0856C489581}"
EndProject
Project("{9A19103F-16F7-4668-BE54-9A1E7A4F7556}") = "Project.Test.Api", "Project.Test.Api\Project.Test.Api.csproj", "{AFDBD6E6-0DDF-432D-B5A4-8BC1348A4A25}"
EndProject
Project("{2150E333-8FDC-42A3-9474-1A3956D46DE8}") = "src", "src", "{F3A55DE4-6358-4676-A5D1-08FC03BBD3A2}"
EndProject
Project("{2150E333-8FDC-42A3-9474-1A3956D46DE8}") = "1 Service", "1 Service", "{104FFCA8-6792-4C3A-A8A8-9A4A897261D5}"
EndProject
Project("{2150E333-8FDC-42A3-9474-1A3956D46DE8}") = "2 Application", "2 Application", "{F937091B-399D-4DD2-8C7F-B8A82033CE10}"
EndProject
Project("{2150E333-8FDC-42A3-9474-1A3956D46DE8}") = "3 Domain", "3 Domain", "{1D756BAA-1399-46C3-9AED-B12E442D92A5}"
EndProject
Project("{2150E333-8FDC-42A3-9474-1A3956D46DE8}") = "4 Infra", "4 Infra", "{97F3AB31-F518-41D6-B937-C120F3723DA6}"
EndProject
Project("{2150E333-8FDC-42A3-9474-1A3956D46DE8}") = "4.1 Data", "4.1 Data", "{C27342F8-F00A-42DE-9E26-659109D577AC}"
EndProject
Project("{9A19103F-16F7-4668-BE54-9A1E7A4F7556}") = "Project.Test.Domain", "Project.Test.Domain\Project.Test.Domain.csproj", "{4F3BD80A-4AF1-4AB9-B66A-B94583B926E2}"
EndProject
Project("{2150E333-8FDC-42A3-9474-1A3956D46DE8}") = "4.2 CrossCutting", "4.2 CrossCutting", "{DE41C296-1D1B-4519-B1DB-220E4272B888}"
EndProject
Project("{9A19103F-16F7-4668-BE54-9A1E7A4F7556}") = "Project.Test.CrossCutting", "Project.Test.CrossCutting\Project.Test.CrossCutting.csproj", "{787A9638-11FB-43F8-92E0-B0E75011141B}"
EndProject
Project("{2150E333-8FDC-42A3-9474-1A3956D46DE8}") = "2.1 Service", "2.1 Service", "{691EADB8-0B6B-4518-9F83-822B42934AC2}"
EndProject
Project("{2150E333-8FDC-42A3-9474-1A3956D46DE8}") = "2.2 Dto", "2.2 Dto", "{19ED86FC-68FD-486C-BDB0-4D9E2A23B103}"
EndProject
Project("{FAE04EC0-301F-11D3-BF4B-00C04F79EFBC}") = "Project.Test.Application.Service", "Project.Test.Application.Service\Project.Test.Application.Service.csproj", "{60AA9741-5550-4FDB-A36E-58D14508F9BD}"
EndProject
Project("{FAE04EC0-301F-11D3-BF4B-00C04F79EFBC}") = "Project.Test.Application.Dto", "Project.Test.Application.Dto\Project.Test.Application.Dto.csproj", "{6C0029BB-8186-4CC7-ADF1-FE45AE494B9B}"
EndProject
Project("{FAE04EC0-301F-11D3-BF4B-00C04F79EFBC}") = "Project.Test.Infra.CrossCutting.Ioc", "Project.Test.Infra.CrossCutting.Ioc\Project.Test.Infra.CrossCutting.Ioc.csproj", "{538B4FF4-D4D6-4F68-856E-9F01F5B8FC7C}"
EndProject
Global
	GlobalSection(SolutionConfigurationPlatforms) = preSolution
		Debug|Any CPU = Debug|Any CPU
		Release|Any CPU = Release|Any CPU
	EndGlobalSection
	GlobalSection(ProjectConfigurationPlatforms) = postSolution
		{AF9CF6E4-DA5C-49A8-98F0-E0856C489581}.Debug|Any CPU.ActiveCfg = Debug|Any CPU
		{AF9CF6E4-DA5C-49A8-98F0-E0856C489581}.Debug|Any CPU.Build.0 = Debug|Any CPU
		{AF9CF6E4-DA5C-49A8-98F0-E0856C489581}.Release|Any CPU.ActiveCfg = Release|Any CPU
		{AF9CF6E4-DA5C-49A8-98F0-E0856C489581}.Release|Any CPU.Build.0 = Release|Any CPU
		{AFDBD6E6-0DDF-432D-B5A4-8BC1348A4A25}.Debug|Any CPU.ActiveCfg = Debug|Any CPU
		{AFDBD6E6-0DDF-432D-B5A4-8BC1348A4A25}.Debug|Any CPU.Build.0 = Debug|Any CPU
		{AFDBD6E6-0DDF-432D-B5A4-8BC1348A4A25}.Release|Any CPU.ActiveCfg = Release|Any CPU
		{AFDBD6E6-0DDF-432D-B5A4-8BC1348A4A25}.Release|Any CPU.Build.0 = Release|Any CPU
		{4F3BD80A-4AF1-4AB9-B66A-B94583B926E2}.Debug|Any CPU.ActiveCfg = Debug|Any CPU
		{4F3BD80A-4AF1-4AB9-B66A-B94583B926E2}.Debug|Any CPU.Build.0 = Debug|Any CPU
		{4F3BD80A-4AF1-4AB9-B66A-B94583B926E2}.Release|Any CPU.ActiveCfg = Release|Any CPU
		{4F3BD80A-4AF1-4AB9-B66A-B94583B926E2}.Release|Any CPU.Build.0 = Release|Any CPU
		{787A9638-11FB-43F8-92E0-B0E75011141B}.Debug|Any CPU.ActiveCfg = Debug|Any CPU
		{787A9638-11FB-43F8-92E0-B0E75011141B}.Debug|Any CPU.Build.0 = Debug|Any CPU
		{787A9638-11FB-43F8-92E0-B0E75011141B}.Release|Any CPU.ActiveCfg = Release|Any CPU
		{787A9638-11FB-43F8-92E0-B0E75011141B}.Release|Any CPU.Build.0 = Release|Any CPU
		{60AA9741-5550-4FDB-A36E-58D14508F9BD}.Debug|Any CPU.ActiveCfg = Debug|Any CPU
		{60AA9741-5550-4FDB-A36E-58D14508F9BD}.Debug|Any CPU.Build.0 = Debug|Any CPU
		{60AA9741-5550-4FDB-A36E-58D14508F9BD}.Release|Any CPU.ActiveCfg = Release|Any CPU
		{60AA9741-5550-4FDB-A36E-58D14508F9BD}.Release|Any CPU.Build.0 = Release|Any CPU
		{6C0029BB-8186-4CC7-ADF1-FE45AE494B9B}.Debug|Any CPU.ActiveCfg = Debug|Any CPU
		{6C0029BB-8186-4CC7-ADF1-FE45AE494B9B}.Debug|Any CPU.Build.0 = Debug|Any CPU
		{6C0029BB-8186-4CC7-ADF1-FE45AE494B9B}.Release|Any CPU.ActiveCfg = Release|Any CPU
		{6C0029BB-8186-4CC7-ADF1-FE45AE494B9B}.Release|Any CPU.Build.0 = Release|Any CPU
		{538B4FF4-D4D6-4F68-856E-9F01F5B8FC7C}.Debug|Any CPU.ActiveCfg = Debug|Any CPU
		{538B4FF4-D4D6-4F68-856E-9F01F5B8FC7C}.Debug|Any CPU.Build.0 = Debug|Any CPU
		{538B4FF4-D4D6-4F68-856E-9F01F5B8FC7C}.Release|Any CPU.ActiveCfg = Release|Any CPU
		{538B4FF4-D4D6-4F68-856E-9F01F5B8FC7C}.Release|Any CPU.Build.0 = Release|Any CPU
	EndGlobalSection
	GlobalSection(SolutionProperties) = preSolution
		HideSolutionNode = FALSE
	EndGlobalSection
	GlobalSection(NestedProjects) = preSolution
		{AF9CF6E4-DA5C-49A8-98F0-E0856C489581} = {C27342F8-F00A-42DE-9E26-659109D577AC}
		{AFDBD6E6-0DDF-432D-B5A4-8BC1348A4A25} = {104FFCA8-6792-4C3A-A8A8-9A4A897261D5}
		{104FFCA8-6792-4C3A-A8A8-9A4A897261D5} = {F3A55DE4-6358-4676-A5D1-08FC03BBD3A2}
		{F937091B-399D-4DD2-8C7F-B8A82033CE10} = {F3A55DE4-6358-4676-A5D1-08FC03BBD3A2}
		{1D756BAA-1399-46C3-9AED-B12E442D92A5} = {F3A55DE4-6358-4676-A5D1-08FC03BBD3A2}
		{97F3AB31-F518-41D6-B937-C120F3723DA6} = {F3A55DE4-6358-4676-A5D1-08FC03BBD3A2}
		{C27342F8-F00A-42DE-9E26-659109D577AC} = {97F3AB31-F518-41D6-B937-C120F3723DA6}
		{4F3BD80A-4AF1-4AB9-B66A-B94583B926E2} = {1D756BAA-1399-46C3-9AED-B12E442D92A5}
		{DE41C296-1D1B-4519-B1DB-220E4272B888} = {97F3AB31-F518-41D6-B937-C120F3723DA6}
		{787A9638-11FB-43F8-92E0-B0E75011141B} = {DE41C296-1D1B-4519-B1DB-220E4272B888}
		{691EADB8-0B6B-4518-9F83-822B42934AC2} = {F937091B-399D-4DD2-8C7F-B8A82033CE10}
		{19ED86FC-68FD-486C-BDB0-4D9E2A23B103} = {F937091B-399D-4DD2-8C7F-B8A82033CE10}
		{60AA9741-5550-4FDB-A36E-58D14508F9BD} = {691EADB8-0B6B-4518-9F83-822B42934AC2}
		{6C0029BB-8186-4CC7-ADF1-FE45AE494B9B} = {19ED86FC-68FD-486C-BDB0-4D9E2A23B103}
		{538B4FF4-D4D6-4F68-856E-9F01F5B8FC7C} = {DE41C296-1D1B-4519-B1DB-220E4272B888}
	EndGlobalSection
	GlobalSection(ExtensibilityGlobals) = postSolution
		SolutionGuid = {37F1D3D6-E7A6-4F06-8C05-E3227F7A1192}
	EndGlobalSection
EndGlobal
